{
  "requires": true,
  "lockfileVersion": 1,
  "dependencies": {
    "@sentry/apm": {
      "version": "5.21.4",
      "resolved": "https://registry.npmjs.org/@sentry/apm/-/apm-5.21.4.tgz",
      "integrity": "sha512-JkBfBKBXZifDI9CsKU+XHzNWkubM7U9dXDW4c6/kU3lURYGXpiR/WI+f3IQG5Vbd2t+cukYhG7BeMkhG8Tj+cA==",
      "requires": {
        "@sentry/browser": "5.21.4",
        "@sentry/hub": "5.21.4",
        "@sentry/minimal": "5.21.4",
        "@sentry/types": "5.21.4",
        "@sentry/utils": "5.21.4",
        "tslib": "^1.9.3"
      }
    },
    "@sentry/browser": {
      "version": "5.21.4",
      "resolved": "https://registry.npmjs.org/@sentry/browser/-/browser-5.21.4.tgz",
      "integrity": "sha512-/bRGMNjJc4Qt9Me9qLobZe0pREUAMFQAR7GOF9HbgzxUc49qVvmPRglvwzwhPJ6XKPg0NH/C6MOn+yuIRjfMag==",
      "requires": {
        "@sentry/core": "5.21.4",
        "@sentry/types": "5.21.4",
        "@sentry/utils": "5.21.4",
        "tslib": "^1.9.3"
      }
    },
    "@sentry/core": {
      "version": "5.21.4",
      "resolved": "https://registry.npmjs.org/@sentry/core/-/core-5.21.4.tgz",
      "integrity": "sha512-2hB0shKL6RUuLqqmnDUPvwiV25OSnchxkJ6NbLqnn2DYLqLARfZuVcw2II4wb/Jlw7SDnbkQIPs0/ax7GPe1Nw==",
      "requires": {
        "@sentry/hub": "5.21.4",
        "@sentry/minimal": "5.21.4",
        "@sentry/types": "5.21.4",
        "@sentry/utils": "5.21.4",
        "tslib": "^1.9.3"
      }
    },
    "@sentry/hub": {
      "version": "5.21.4",
      "resolved": "https://registry.npmjs.org/@sentry/hub/-/hub-5.21.4.tgz",
      "integrity": "sha512-bgEgBHK6OWoAkrnYwVsIOw+sR4MWpe5/CB7H7r+GBJsSnBysncbSaBgndKmtb1GTWdzMxMlvXU16zC6TR5JX5Q==",
      "requires": {
        "@sentry/types": "5.21.4",
        "@sentry/utils": "5.21.4",
        "tslib": "^1.9.3"
      }
    },
    "@sentry/minimal": {
      "version": "5.21.4",
      "resolved": "https://registry.npmjs.org/@sentry/minimal/-/minimal-5.21.4.tgz",
      "integrity": "sha512-pIpIH2ZTwdijGTw6VwfkTETAEoc9k/Aejz6mAjFDMzlOPb3bCx+W8EbGzFOxuwOsiE84bysd2UPVgFY4YSLV/g==",
      "requires": {
        "@sentry/hub": "5.21.4",
        "@sentry/types": "5.21.4",
        "tslib": "^1.9.3"
      }
    },
    "@sentry/node": {
      "version": "5.21.4",
      "resolved": "https://registry.npmjs.org/@sentry/node/-/node-5.21.4.tgz",
      "integrity": "sha512-8XnEIwWZyvCSawjMyf6d7bm4lat3bv54SwWrxWqNr6akxbfVI/cV8DsWC045g2Gx799mbXBo4hMaTGJYW6CrWg==",
      "requires": {
        "@sentry/apm": "5.21.4",
        "@sentry/core": "5.21.4",
        "@sentry/hub": "5.21.4",
        "@sentry/types": "5.21.4",
        "@sentry/utils": "5.21.4",
        "cookie": "^0.4.1",
        "https-proxy-agent": "^5.0.0",
        "lru_map": "^0.3.3",
        "tslib": "^1.9.3"
      }
    },
    "@sentry/types": {
      "version": "5.21.4",
      "resolved": "https://registry.npmjs.org/@sentry/types/-/types-5.21.4.tgz",
      "integrity": "sha512-uJTRxW//NPO0UJJzRQOtYHg5tiSBvn1dRk5FvURXmeXt9d9XtwmRhHWDwI51uAkyv+51tun3v+0OZQfLvAI+gQ=="
    },
    "@sentry/utils": {
      "version": "5.21.4",
      "resolved": "https://registry.npmjs.org/@sentry/utils/-/utils-5.21.4.tgz",
      "integrity": "sha512-zY8OvaE/lU+DCzTSFrDZNXZmBLM/0URUlyYD4RubqzrgKY/eP1pSbEsDzYYhc+OrBr8TjG66N+5T3gMZX0BfNg==",
      "requires": {
        "@sentry/types": "5.21.4",
        "tslib": "^1.9.3"
      }
    },
    "agent-base": {
      "version": "6.0.1",
      "resolved": "https://registry.npmjs.org/agent-base/-/agent-base-6.0.1.tgz",
      "integrity": "sha512-01q25QQDwLSsyfhrKbn8yuur+JNw0H+0Y4JiGIKd3z9aYk/w/2kxD/Upc+t2ZBBSUNff50VjPsSW2YxM8QYKVg==",
      "requires": {
        "debug": "4"
      }
    },
    "cookie": {
      "version": "0.4.1",
      "resolved": "https://registry.npmjs.org/cookie/-/cookie-0.4.1.tgz",
      "integrity": "sha512-ZwrFkGJxUR3EIoXtO+yVE69Eb7KlixbaeAWfBQB9vVsNn/o+Yw69gBWSSDK825hQNdN+wF8zELf3dFNl/kxkUA=="
    },
    "debug": {
      "version": "4.1.1",
      "resolved": "https://registry.npmjs.org/debug/-/debug-4.1.1.tgz",
      "integrity": "sha512-pYAIzeRo8J6KPEaJ0VWOh5Pzkbw/RetuzehGM7QRRX5he4fPHx2rdKMB256ehJCkX+XRQm16eZLqLNS8RSZXZw==",
      "requires": {
        "ms": "^2.1.1"
      }
    },
    "https-proxy-agent": {
      "version": "5.0.0",
      "resolved": "https://registry.npmjs.org/https-proxy-agent/-/https-proxy-agent-5.0.0.tgz",
      "integrity": "sha512-EkYm5BcKUGiduxzSt3Eppko+PiNWNEpa4ySk9vTC6wDsQJW9rHSa+UhGNJoRYp7bz6Ht1eaRIa6QaJqO5rCFbA==",
      "requires": {
        "agent-base": "6",
        "debug": "4"
      }
    },
    "lru_map": {
      "version": "0.3.3",
      "resolved": "https://registry.npmjs.org/lru_map/-/lru_map-0.3.3.tgz",
      "integrity": "sha1-tcg1G5Rky9dQM1p5ZQoOwOVhGN0="
    },
    "moment": {
      "version": "2.27.0",
      "resolved": "https://registry.npmjs.org/moment/-/moment-2.27.0.tgz",
      "integrity": "sha512-al0MUK7cpIcglMv3YF13qSgdAIqxHTO7brRtaz3DlSULbqfazqkc5kEjNrLDOM7fsjshoFIihnU8snrP7zUvhQ=="
    },
    "ms": {
      "version": "2.1.2",
      "resolved": "https://registry.npmjs.org/ms/-/ms-2.1.2.tgz",
      "integrity": "sha512-sGkPx+VjMtmA6MX27oA4FBFELFCZZ4S4XqeGOXCv68tT+jb3vk/RyaKWP0PTKyWtmLSM0b+adUTEvbs1PEaH2w=="
    },
    "tslib": {
      "version": "1.13.0",
      "resolved": "https://registry.npmjs.org/tslib/-/tslib-1.13.0.tgz",
      "integrity": "sha512-i/6DQjL8Xf3be4K/E6Wgpekn5Qasl1usyw++dAA35Ue5orEn65VIxOA+YvNNl9HV3qv70T7CNwjODHZrLwvd1Q=="
    }
  }
}
